
Microsoft Visual Studio Solution File, Format Version 12.00
# Visual Studio Version 17
VisualStudioVersion = 17.7.34221.43
MinimumVisualStudioVersion = 10.0.40219.1
Project("{FAE04EC0-301F-11D3-BF4B-00C04F79EFBC}") = "TestApp", "TestApp\TestApp.csproj", "{C359FCB5-0E07-46DC-A4CF-337508E0122D}"
EndProject
Project("{FAE04EC0-301F-11D3-BF4B-00C04F79EFBC}") = "DAL", "DAL\DAL.csproj", "{C08B1216-1E06-4CF8-A0B3-5320F711A3B0}"
EndProject
Project("{FAE04EC0-301F-11D3-BF4B-00C04F79EFBC}") = "BLL", "BLL\BLL.csproj", "{D792D37C-3460-4ED0-9E90-B55C2A5C3AAE}"
EndProject
Global
	GlobalSection(SolutionConfigurationPlatforms) = preSolution
		Debug|Any CPU = Debug|Any CPU
		Release|Any CPU = Release|Any CPU
	EndGlobalSection
	GlobalSection(ProjectConfigurationPlatforms) = postSolution
		{C359FCB5-0E07-46DC-A4CF-337508E0122D}.Debug|Any CPU.ActiveCfg = Debug|Any CPU
		{C359FCB5-0E07-46DC-A4CF-337508E0122D}.Debug|Any CPU.Build.0 = Debug|Any CPU
		{C359FCB5-0E07-46DC-A4CF-337508E0122D}.Release|Any CPU.ActiveCfg = Release|Any CPU
		{C359FCB5-0E07-46DC-A4CF-337508E0122D}.Release|Any CPU.Build.0 = Release|Any CPU
		{C08B1216-1E06-4CF8-A0B3-5320F711A3B0}.Debug|Any CPU.ActiveCfg = Debug|Any CPU
		{C08B1216-1E06-4CF8-A0B3-5320F711A3B0}.Debug|Any CPU.Build.0 = Debug|Any CPU
		{C08B1216-1E06-4CF8-A0B3-5320F711A3B0}.Release|Any CPU.ActiveCfg = Release|Any CPU
		{C08B1216-1E06-4CF8-A0B3-5320F711A3B0}.Release|Any CPU.Build.0 = Release|Any CPU
		{D792D37C-3460-4ED0-9E90-B55C2A5C3AAE}.Debug|Any CPU.ActiveCfg = Debug|Any CPU
		{D792D37C-3460-4ED0-9E90-B55C2A5C3AAE}.Debug|Any CPU.Build.0 = Debug|Any CPU
		{D792D37C-3460-4ED0-9E90-B55C2A5C3AAE}.Release|Any CPU.ActiveCfg = Release|Any CPU
		{D792D37C-3460-4ED0-9E90-B55C2A5C3AAE}.Release|Any CPU.Build.0 = Release|Any CPU
	EndGlobalSection
	GlobalSection(SolutionProperties) = preSolution
		HideSolutionNode = FALSE
	EndGlobalSection
	GlobalSection(ExtensibilityGlobals) = postSolution
		SolutionGuid = {9A75FC17-86FD-4BE4-A9CA-DC3D31F1F399}
	EndGlobalSection
EndGlobal
